// !$*UTF8*$!
{
	archiveVersion = 1;
	classes = {
	};
	objectVersion = 50;
	objects = {

/* Begin PBXBuildFile section */
		6F9504742634A0DB0078E88C /* AppDelegate.swift in Sources */ = {isa = PBXBuildFile; fileRef = 6F9504732634A0DB0078E88C /* AppDelegate.swift */; };
		6F9504762634A0DB0078E88C /* SceneDelegate.swift in Sources */ = {isa = PBXBuildFile; fileRef = 6F9504752634A0DB0078E88C /* SceneDelegate.swift */; };
		6F9504782634A0DB0078E88C /* ViewController.swift in Sources */ = {isa = PBXBuildFile; fileRef = 6F9504772634A0DB0078E88C /* ViewController.swift */; };
		6F95047B2634A0DB0078E88C /* Main.storyboard in Resources */ = {isa = PBXBuildFile; fileRef = 6F9504792634A0DB0078E88C /* Main.storyboard */; };
		6F95047E2634A0DB0078E88C /* sevilenyerler.xcdatamodeld in Sources */ = {isa = PBXBuildFile; fileRef = 6F95047C2634A0DB0078E88C /* sevilenyerler.xcdatamodeld */; };
		6F9504802634A0E00078E88C /* Assets.xcassets in Resources */ = {isa = PBXBuildFile; fileRef = 6F95047F2634A0E00078E88C /* Assets.xcassets */; };
		6F9504832634A0E00078E88C /* LaunchScreen.storyboard in Resources */ = {isa = PBXBuildFile; fileRef = 6F9504812634A0E00078E88C /* LaunchScreen.storyboard */; };
		6F95048C2635EA070078E88C /* DetayVC.swift in Sources */ = {isa = PBXBuildFile; fileRef = 6F95048B2635EA070078E88C /* DetayVC.swift */; };
/* End PBXBuildFile section */

/* Begin PBXFileReference section */
		6F9504702634A0DB0078E88C /* sevilenyerler.app */ = {isa = PBXFileReference; explicitFileType = wrapper.application; includeInIndex = 0; path = sevilenyerler.app; sourceTree = BUILT_PRODUCTS_DIR; };
		6F9504732634A0DB0078E88C /* AppDelegate.swift */ = {isa = PBXFileReference; lastKnownFileType = sourcecode.swift; path = AppDelegate.swift; sourceTree = "<group>"; };
		6F9504752634A0DB0078E88C /* SceneDelegate.swift */ = {isa = PBXFileReference; lastKnownFileType = sourcecode.swift; path = SceneDelegate.swift; sourceTree = "<group>"; };
		6F9504772634A0DB0078E88C /* ViewController.swift */ = {isa = PBXFileReference; lastKnownFileType = sourcecode.swift; path = ViewController.swift; sourceTree = "<group>"; };
		6F95047A2634A0DB0078E88C /* Base */ = {isa = PBXFileReference; lastKnownFileType = file.storyboard; name = Base; path = Base.lproj/Main.storyboard; sourceTree = "<group>"; };
		6F95047D2634A0DB0078E88C /* sevilenyerler.xcdatamodel */ = {isa = PBXFileReference; lastKnownFileType = wrapper.xcdatamodel; path = sevilenyerler.xcdatamodel; sourceTree = "<group>"; };
		6F95047F2634A0E00078E88C /* Assets.xcassets */ = {isa = PBXFileReference; lastKnownFileType = folder.assetcatalog; path = Assets.xcassets; sourceTree = "<group>"; };
		6F9504822634A0E00078E88C /* Base */ = {isa = PBXFileReference; lastKnownFileType = file.storyboard; name = Base; path = Base.lproj/LaunchScreen.storyboard; sourceTree = "<group>"; };
		6F9504842634A0E00078E88C /* Info.plist */ = {isa = PBXFileReference; lastKnownFileType = text.plist.xml; path = Info.plist; sourceTree = "<group>"; };
		6F95048B2635EA070078E88C /* DetayVC.swift */ = {isa = PBXFileReference; lastKnownFileType = sourcecode.swift; path = DetayVC.swift; sourceTree = "<group>"; };
/* End PBXFileReference section */

/* Begin PBXFrameworksBuildPhase section */
		6F95046D2634A0DB0078E88C /* Frameworks */ = {
			isa = PBXFrameworksBuildPhase;
			buildActionMask = 2147483647;
			files = (
			);
			runOnlyForDeploymentPostprocessing = 0;
		};
/* End PBXFrameworksBuildPhase section */

/* Begin PBXGroup section */
		6F9504672634A0DB0078E88C = {
			isa = PBXGroup;
			children = (
				6F9504722634A0DB0078E88C /* sevilenyerler */,
				6F9504712634A0DB0078E88C /* Products */,
			);
			sourceTree = "<group>";
		};
		6F9504712634A0DB0078E88C /* Products */ = {
			isa = PBXGroup;
			children = (
				6F9504702634A0DB0078E88C /* sevilenyerler.app */,
			);
			name = Products;
			sourceTree = "<group>";
		};
		6F9504722634A0DB0078E88C /* sevilenyerler */ = {
			isa = PBXGroup;
			children = (
				6F9504732634A0DB0078E88C /* AppDelegate.swift */,
				6F9504752634A0DB0078E88C /* SceneDelegate.swift */,
				6F9504772634A0DB0078E88C /* ViewController.swift */,
				6F95048B2635EA070078E88C /* DetayVC.swift */,
				6F9504792634A0DB0078E88C /* Main.storyboard */,
				6F95047F2634A0E00078E88C /* Assets.xcassets */,
				6F9504812634A0E00078E88C /* LaunchScreen.storyboard */,
				6F9504842634A0E00078E88C /* Info.plist */,
				6F95047C2634A0DB0078E88C /* sevilenyerler.xcdatamodeld */,
			);
			path = sevilenyerler;
			sourceTree = "<group>";
		};
/* End PBXGroup section */

/* Begin PBXNativeTarget section */
		6F95046F2634A0DB0078E88C /* sevilenyerler */ = {
			isa = PBXNativeTarget;
			buildConfigurationList = 6F9504872634A0E00078E88C /* Build configuration list for PBXNativeTarget "sevilenyerler" */;
			buildPhases = (
				6F95046C2634A0DB0078E88C /* Sources */,
				6F95046D2634A0DB0078E88C /* Frameworks */,
				6F95046E2634A0DB0078E88C /* Resources */,
			);
			buildRules = (
			);
			dependencies = (
			);
			name = sevilenyerler;
			productName = sevilenyerler;
			productReference = 6F9504702634A0DB0078E88C /* sevilenyerler.app */;
			productType = "com.apple.product-type.application";
		};
/* End PBXNativeTarget section */

/* Begin PBXProject section */
		6F9504682634A0DB0078E88C /* Project object */ = {
			isa = PBXProject;
			attributes = {
				LastSwiftUpdateCheck = 1240;
				LastUpgradeCheck = 1240;
				TargetAttributes = {
					6F95046F2634A0DB0078E88C = {
						CreatedOnToolsVersion = 12.4;
					};
				};
			};
			buildConfigurationList = 6F95046B2634A0DB0078E88C /* Build configuration list for PBXProject "sevilenyerler" */;
			compatibilityVersion = "Xcode 9.3";
			developmentRegion = en;
			hasScannedForEncodings = 0;
			knownRegions = (
				en,
				Base,
			);
			mainGroup = 6F9504672634A0DB0078E88C;
			productRefGroup = 6F9504712634A0DB0078E88C /* Products */;
			projectDirPath = "";
			projectRoot = "";
			targets = (
				6F95046F2634A0DB0078E88C /* sevilenyerler */,
			);
		};
/* End PBXProject section */

/* Begin PBXResourcesBuildPhase section */
		6F95046E2634A0DB0078E88C /* Resources */ = {
			isa = PBXResourcesBuildPhase;
			buildActionMask = 2147483647;
			files = (
				6F9504832634A0E00078E88C /* LaunchScreen.storyboard in Resources */,
				6F9504802634A0E00078E88C /* Assets.xcassets in Resources */,
				6F95047B2634A0DB0078E88C /* Main.storyboard in Resources */,
			);
			runOnlyForDeploymentPostprocessing = 0;
		};
/* End PBXResourcesBuildPhase section */

/* Begin PBXSourcesBuildPhase section */
		6F95046C2634A0DB0078E88C /* Sources */ = {
			isa = PBXSourcesBuildPhase;
			buildActionMask = 2147483647;
			files = (
				6F95048C2635EA070078E88C /* DetayVC.swift in Sources */,
				6F9504782634A0DB0078E88C /* ViewController.swift in Sources */,
				6F9504742634A0DB0078E88C /* AppDelegate.swift in Sources */,
				6F9504762634A0DB0078E88C /* SceneDelegate.swift in Sources */,
				6F95047E2634A0DB0078E88C /* sevilenyerler.xcdatamodeld in Sources */,
			);
			runOnlyForDeploymentPostprocessing = 0;
		};
/* End PBXSourcesBuildPhase section */

/* Begin PBXVariantGroup section */
		6F9504792634A0DB0078E88C /* Main.storyboard */ = {
			isa = PBXVariantGroup;
			children = (
				6F95047A2634A0DB0078E88C /* Base */,
			);
			name = Main.storyboard;
			sourceTree = "<group>";
		};
		6F9504812634A0E00078E88C /* LaunchScreen.storyboard */ = {
			isa = PBXVariantGroup;
			children = (
				6F9504822634A0E00078E88C /* Base */,
			);
			name = LaunchScreen.storyboard;
			sourceTree = "<group>";
		};
/* End PBXVariantGroup section */

/* Begin XCBuildConfiguration section */
		6F9504852634A0E00078E88C /* Debug */ = {
			isa = XCBuildConfiguration;
			buildSettings = {
				ALWAYS_SEARCH_USER_PATHS = NO;
				CLANG_ANALYZER_NONNULL = YES;
				CLANG_ANALYZER_NUMBER_OBJECT_CONVERSION = YES_AGGRESSIVE;
				CLANG_CXX_LANGUAGE_STANDARD = "gnu++14";
				CLANG_CXX_LIBRARY = "libc++";
				CLANG_ENABLE_MODULES = YES;
				CLANG_ENABLE_OBJC_ARC = YES;
				CLANG_ENABLE_OBJC_WEAK = YES;
				CLANG_WARN_BLOCK_CAPTURE_AUTORELEASING = YES;
				CLANG_WARN_BOOL_CONVERSION = YES;
				CLANG_WARN_COMMA = YES;
				CLANG_WARN_CONSTANT_CONVERSION = YES;
				CLANG_WARN_DEPRECATED_OBJC_IMPLEMENTATIONS = YES;
				CLANG_WARN_DIRECT_OBJC_ISA_USAGE = YES_ERROR;
				CLANG_WARN_DOCUMENTATION_COMMENTS = YES;
				CLANG_WARN_EMPTY_BODY = YES;
				CLANG_WARN_ENUM_CONVERSION = YES;
				CLANG_WARN_INFINITE_RECURSION = YES;
				CLANG_WARN_INT_CONVERSION = YES;
				CLANG_WARN_NON_LITERAL_NULL_CONVERSION = YES;
				CLANG_WARN_OBJC_IMPLICIT_RETAIN_SELF = YES;
				CLANG_WARN_OBJC_LITERAL_CONVERSION = YES;
				CLANG_WARN_OBJC_ROOT_CLASS = YES_ERROR;
				CLANG_WARN_QUOTED_INCLUDE_IN_FRAMEWORK_HEADER = YES;
				CLANG_WARN_RANGE_LOOP_ANALYSIS = YES;
				CLANG_WARN_STRICT_PROTOTYPES = YES;
				CLANG_WARN_SUSPICIOUS_MOVE = YES;
				CLANG_WARN_UNGUARDED_AVAILABILITY = YES_AGGRESSIVE;
				CLANG_WARN_UNREACHABLE_CODE = YES;
				CLANG_WARN__DUPLICATE_METHOD_MATCH = YES;
				COPY_PHASE_STRIP = NO;
				DEBUG_INFORMATION_FORMAT = dwarf;
				ENABLE_STRICT_OBJC_MSGSEND = YES;
				ENABLE_TESTABILITY = YES;
				GCC_C_LANGUAGE_STANDARD = gnu11;
				GCC_DYNAMIC_NO_PIC = NO;
				GCC_NO_COMMON_BLOCKS = YES;
				GCC_OPTIMIZATION_LEVEL = 0;
				GCC_PREPROCESSOR_DEFINITIONS = (
					"DEBUG=1",
					"$(inherited)",
				);
				GCC_WARN_64_TO_32_BIT_CONVERSION = YES;
				GCC_WARN_ABOUT_RETURN_TYPE = YES_ERROR;
				GCC_WARN_UNDECLARED_SELECTOR = YES;
				GCC_WARN_UNINITIALIZED_AUTOS = YES_AGGRESSIVE;
				GCC_WARN_UNUSED_FUNCTION = YES;
				GCC_WARN_UNUSED_VARIABLE = YES;
				IPHONEOS_DEPLOYMENT_TARGET = 14.4;
				MTL_ENABLE_DEBUG_INFO = INCLUDE_SOURCE;
				MTL_FAST_MATH = YES;
				ONLY_ACTIVE_ARCH = YES;
				SDKROOT = iphoneos;
				SWIFT_ACTIVE_COMPILATION_CONDITIONS = DEBUG;
				SWIFT_OPTIMIZATION_LEVEL = "-Onone";
			};
			name = Debug;
		};
		6F9504862634A0E00078E88C /* Release */ = {
			isa = XCBuildConfiguration;
			buildSettings = {
				ALWAYS_SEARCH_USER_PATHS = NO;
				CLANG_ANALYZER_NONNULL = YES;
				CLANG_ANALYZER_NUMBER_OBJECT_CONVERSION = YES_AGGRESSIVE;
				CLANG_CXX_LANGUAGE_STANDARD = "gnu++14";
				CLANG_CXX_LIBRARY = "libc++";
				CLANG_ENABLE_MODULES = YES;
				CLANG_ENABLE_OBJC_ARC = YES;
				CLANG_ENABLE_OBJC_WEAK = YES;
				CLANG_WARN_BLOCK_CAPTURE_AUTORELEASING = YES;
				CLANG_WARN_BOOL_CONVERSION = YES;
				CLANG_WARN_COMMA = YES;
				CLANG_WARN_CONSTANT_CONVERSION = YES;
				CLANG_WARN_DEPRECATED_OBJC_IMPLEMENTATIONS = YES;
				CLANG_WARN_DIRECT_OBJC_ISA_USAGE = YES_ERROR;
				CLANG_WARN_DOCUMENTATION_COMMENTS = YES;
				CLANG_WARN_EMPTY_BODY = YES;
				CLANG_WARN_ENUM_CONVERSION = YES;
				CLANG_WARN_INFINITE_RECURSION = YES;
				CLANG_WARN_INT_CONVERSION = YES;
				CLANG_WARN_NON_LITERAL_NULL_CONVERSION = YES;
				CLANG_WARN_OBJC_IMPLICIT_RETAIN_SELF = YES;
				CLANG_WARN_OBJC_LITERAL_CONVERSION = YES;
				CLANG_WARN_OBJC_ROOT_CLASS = YES_ERROR;
				CLANG_WARN_QUOTED_INCLUDE_IN_FRAMEWORK_HEADER = YES;
				CLANG_WARN_RANGE_LOOP_ANALYSIS = YES;
				CLANG_WARN_STRICT_PROTOTYPES = YES;
				CLANG_WARN_SUSPICIOUS_MOVE = YES;
				CLANG_WARN_UNGUARDED_AVAILABILITY = YES_AGGRESSIVE;
				CLANG_WARN_UNREACHABLE_CODE = YES;
				CLANG_WARN__DUPLICATE_METHOD_MATCH = YES;
				COPY_PHASE_STRIP = NO;
				DEBUG_INFORMATION_FORMAT = "dwarf-with-dsym";
				ENABLE_NS_ASSERTIONS = NO;
				ENABLE_STRICT_OBJC_MSGSEND = YES;
				GCC_C_LANGUAGE_STANDARD = gnu11;
				GCC_NO_COMMON_BLOCKS = YES;
				GCC_WARN_64_TO_32_BIT_CONVERSION = YES;
				GCC_WARN_ABOUT_RETURN_TYPE = YES_ERROR;
				GCC_WARN_UNDECLARED_SELECTOR = YES;
				GCC_WARN_UNINITIALIZED_AUTOS = YES_AGGRESSIVE;
				GCC_WARN_UNUSED_FUNCTION = YES;
				GCC_WARN_UNUSED_VARIABLE = YES;
				IPHONEOS_DEPLOYMENT_TARGET = 14.4;
				MTL_ENABLE_DEBUG_INFO = NO;
				MTL_FAST_MATH = YES;
				SDKROOT = iphoneos;
				SWIFT_COMPILATION_MODE = wholemodule;
				SWIFT_OPTIMIZATION_LEVEL = "-O";
				VALIDATE_PRODUCT = YES;
			};
			name = Release;
		};
		6F9504882634A0E00078E88C /* Debug */ = {
			isa = XCBuildConfiguration;
			buildSettings = {
				ASSETCATALOG_COMPILER_APPICON_NAME = AppIcon;
				ASSETCATALOG_COMPILER_GLOBAL_ACCENT_COLOR_NAME = AccentColor;
				CODE_SIGN_STYLE = Automatic;
				DEVELOPMENT_TEAM = J5R6NMKRS5;
				INFOPLIST_FILE = sevilenyerler/Info.plist;
				LD_RUNPATH_SEARCH_PATHS = (
					"$(inherited)",
					"@executable_path/Frameworks",
				);
				PRODUCT_BUNDLE_IDENTIFIER = com.denizerdogan.sevilenyerler;
				PRODUCT_NAME = "$(TARGET_NAME)";
				SWIFT_VERSION = 5.0;
				TARGETED_DEVICE_FAMILY = "1,2";
			};
			name = Debug;
		};
		6F9504892634A0E00078E88C /* Release */ = {
			isa = XCBuildConfiguration;
			buildSettings = {
				ASSETCATALOG_COMPILER_APPICON_NAME = AppIcon;
				ASSETCATALOG_COMPILER_GLOBAL_ACCENT_COLOR_NAME = AccentColor;
				CODE_SIGN_STYLE = Automatic;
				DEVELOPMENT_TEAM = J5R6NMKRS5;
				INFOPLIST_FILE = sevilenyerler/Info.plist;
				LD_RUNPATH_SEARCH_PATHS = (
					"$(inherited)",
					"@executable_path/Frameworks",
				);
				PRODUCT_BUNDLE_IDENTIFIER = com.denizerdogan.sevilenyerler;
				PRODUCT_NAME = "$(TARGET_NAME)";
				SWIFT_VERSION = 5.0;
				TARGETED_DEVICE_FAMILY = "1,2";
			};
			name = Release;
		};
/* End XCBuildConfiguration section */

/* Begin XCConfigurationList section */
		6F95046B2634A0DB0078E88C /* Build configuration list for PBXProject "sevilenyerler" */ = {
			isa = XCConfigurationList;
			buildConfigurations = (
				6F9504852634A0E00078E88C /* Debug */,
				6F9504862634A0E00078E88C /* Release */,
			);
			defaultConfigurationIsVisible = 0;
			defaultConfigurationName = Release;
		};
		6F9504872634A0E00078E88C /* Build configuration list for PBXNativeTarget "sevilenyerler" */ = {
			isa = XCConfigurationList;
			buildConfigurations = (
				6F9504882634A0E00078E88C /* Debug */,
				6F9504892634A0E00078E88C /* Release */,
			);
			defaultConfigurationIsVisible = 0;
			defaultConfigurationName = Release;
		};
/* End XCConfigurationList section */

/* Begin XCVersionGroup section */
		6F95047C2634A0DB0078E88C /* sevilenyerler.xcdatamodeld */ = {
			isa = XCVersionGroup;
			children = (
				6F95047D2634A0DB0078E88C /* sevilenyerler.xcdatamodel */,
			);
			currentVersion = 6F95047D2634A0DB0078E88C /* sevilenyerler.xcdatamodel */;
			path = sevilenyerler.xcdatamodeld;
			sourceTree = "<group>";
			versionGroupType = wrapper.xcdatamodel;
		};
/* End XCVersionGroup section */
	};
	rootObject = 6F9504682634A0DB0078E88C /* Project object */;
}
